// !$*UTF8*$!
{
	archiveVersion = 1;
	classes = {
	};
	objectVersion = 46;
	objects = {

/* Begin PBXBuildFile section */
		74CE33E8189BE115000E8CC8 /* Foundation.framework in Frameworks */ = {isa = PBXBuildFile; fileRef = 74CE33E7189BE115000E8CC8 /* Foundation.framework */; };
		74CE33EA189BE115000E8CC8 /* CoreGraphics.framework in Frameworks */ = {isa = PBXBuildFile; fileRef = 74CE33E9189BE115000E8CC8 /* CoreGraphics.framework */; };
		74CE33EC189BE115000E8CC8 /* UIKit.framework in Frameworks */ = {isa = PBXBuildFile; fileRef = 74CE33EB189BE115000E8CC8 /* UIKit.framework */; };
		74CE33F2189BE115000E8CC8 /* InfoPlist.strings in Resources */ = {isa = PBXBuildFile; fileRef = 74CE33F0189BE115000E8CC8 /* InfoPlist.strings */; };
		74CE33F4189BE115000E8CC8 /* main.m in Sources */ = {isa = PBXBuildFile; fileRef = 74CE33F3189BE115000E8CC8 /* main.m */; };
		74CE33F8189BE115000E8CC8 /* AppDelegate.m in Sources */ = {isa = PBXBuildFile; fileRef = 74CE33F7189BE115000E8CC8 /* AppDelegate.m */; };
		74CE33FB189BE115000E8CC8 /* Main.storyboard in Resources */ = {isa = PBXBuildFile; fileRef = 74CE33F9189BE115000E8CC8 /* Main.storyboard */; };
		74CE33FE189BE115000E8CC8 /* ViewController.m in Sources */ = {isa = PBXBuildFile; fileRef = 74CE33FD189BE115000E8CC8 /* ViewController.m */; };
		74CE3400189BE115000E8CC8 /* Images.xcassets in Resources */ = {isa = PBXBuildFile; fileRef = 74CE33FF189BE115000E8CC8 /* Images.xcassets */; };
		74CE3407189BE115000E8CC8 /* XCTest.framework in Frameworks */ = {isa = PBXBuildFile; fileRef = 74CE3406189BE115000E8CC8 /* XCTest.framework */; };
		74CE3408189BE115000E8CC8 /* Foundation.framework in Frameworks */ = {isa = PBXBuildFile; fileRef = 74CE33E7189BE115000E8CC8 /* Foundation.framework */; };
		74CE3409189BE115000E8CC8 /* UIKit.framework in Frameworks */ = {isa = PBXBuildFile; fileRef = 74CE33EB189BE115000E8CC8 /* UIKit.framework */; };
		74CE3411189BE115000E8CC8 /* InfoPlist.strings in Resources */ = {isa = PBXBuildFile; fileRef = 74CE340F189BE115000E8CC8 /* InfoPlist.strings */; };
		74CE3413189BE115000E8CC8 /* GitDemoAppTests.m in Sources */ = {isa = PBXBuildFile; fileRef = 74CE3412189BE115000E8CC8 /* GitDemoAppTests.m */; };
/* End PBXBuildFile section */

/* Begin PBXContainerItemProxy section */
		74CE340A189BE115000E8CC8 /* PBXContainerItemProxy */ = {
			isa = PBXContainerItemProxy;
			containerPortal = 74CE33DC189BE115000E8CC8 /* Project object */;
			proxyType = 1;
			remoteGlobalIDString = 74CE33E3189BE115000E8CC8;
			remoteInfo = GitDemoApp;
		};
/* End PBXContainerItemProxy section */

/* Begin PBXFileReference section */
		74CE33E4189BE115000E8CC8 /* GitDemoApp.app */ = {isa = PBXFileReference; explicitFileType = wrapper.application; includeInIndex = 0; path = GitDemoApp.app; sourceTree = BUILT_PRODUCTS_DIR; };
		74CE33E7189BE115000E8CC8 /* Foundation.framework */ = {isa = PBXFileReference; lastKnownFileType = wrapper.framework; name = Foundation.framework; path = System/Library/Frameworks/Foundation.framework; sourceTree = SDKROOT; };
		74CE33E9189BE115000E8CC8 /* CoreGraphics.framework */ = {isa = PBXFileReference; lastKnownFileType = wrapper.framework; name = CoreGraphics.framework; path = System/Library/Frameworks/CoreGraphics.framework; sourceTree = SDKROOT; };
		74CE33EB189BE115000E8CC8 /* UIKit.framework */ = {isa = PBXFileReference; lastKnownFileType = wrapper.framework; name = UIKit.framework; path = System/Library/Frameworks/UIKit.framework; sourceTree = SDKROOT; };
		74CE33EF189BE115000E8CC8 /* GitDemoApp-Info.plist */ = {isa = PBXFileReference; lastKnownFileType = text.plist.xml; path = "GitDemoApp-Info.plist"; sourceTree = "<group>"; };
		74CE33F1189BE115000E8CC8 /* en */ = {isa = PBXFileReference; lastKnownFileType = text.plist.strings; name = en; path = en.lproj/InfoPlist.strings; sourceTree = "<group>"; };
		74CE33F3189BE115000E8CC8 /* main.m */ = {isa = PBXFileReference; lastKnownFileType = sourcecode.c.objc; path = main.m; sourceTree = "<group>"; };
		74CE33F5189BE115000E8CC8 /* GitDemoApp-Prefix.pch */ = {isa = PBXFileReference; lastKnownFileType = sourcecode.c.h; path = "GitDemoApp-Prefix.pch"; sourceTree = "<group>"; };
		74CE33F6189BE115000E8CC8 /* AppDelegate.h */ = {isa = PBXFileReference; lastKnownFileType = sourcecode.c.h; path = AppDelegate.h; sourceTree = "<group>"; };
		74CE33F7189BE115000E8CC8 /* AppDelegate.m */ = {isa = PBXFileReference; lastKnownFileType = sourcecode.c.objc; path = AppDelegate.m; sourceTree = "<group>"; };
		74CE33FA189BE115000E8CC8 /* Base */ = {isa = PBXFileReference; lastKnownFileType = file.storyboard; name = Base; path = Base.lproj/Main.storyboard; sourceTree = "<group>"; };
		74CE33FC189BE115000E8CC8 /* ViewController.h */ = {isa = PBXFileReference; lastKnownFileType = sourcecode.c.h; path = ViewController.h; sourceTree = "<group>"; };
		74CE33FD189BE115000E8CC8 /* ViewController.m */ = {isa = PBXFileReference; lastKnownFileType = sourcecode.c.objc; path = ViewController.m; sourceTree = "<group>"; };
		74CE33FF189BE115000E8CC8 /* Images.xcassets */ = {isa = PBXFileReference; lastKnownFileType = folder.assetcatalog; path = Images.xcassets; sourceTree = "<group>"; };
		74CE3405189BE115000E8CC8 /* GitDemoAppTests.xctest */ = {isa = PBXFileReference; explicitFileType = wrapper.cfbundle; includeInIndex = 0; path = GitDemoAppTests.xctest; sourceTree = BUILT_PRODUCTS_DIR; };
		74CE3406189BE115000E8CC8 /* XCTest.framework */ = {isa = PBXFileReference; lastKnownFileType = wrapper.framework; name = XCTest.framework; path = Library/Frameworks/XCTest.framework; sourceTree = DEVELOPER_DIR; };
		74CE340E189BE115000E8CC8 /* GitDemoAppTests-Info.plist */ = {isa = PBXFileReference; lastKnownFileType = text.plist.xml; path = "GitDemoAppTests-Info.plist"; sourceTree = "<group>"; };
		74CE3410189BE115000E8CC8 /* en */ = {isa = PBXFileReference; lastKnownFileType = text.plist.strings; name = en; path = en.lproj/InfoPlist.strings; sourceTree = "<group>"; };
		74CE3412189BE115000E8CC8 /* GitDemoAppTests.m */ = {isa = PBXFileReference; lastKnownFileType = sourcecode.c.objc; path = GitDemoAppTests.m; sourceTree = "<group>"; };
/* End PBXFileReference section */

/* Begin PBXFrameworksBuildPhase section */
		74CE33E1189BE115000E8CC8 /* Frameworks */ = {
			isa = PBXFrameworksBuildPhase;
			buildActionMask = 2147483647;
			files = (
				74CE33EA189BE115000E8CC8 /* CoreGraphics.framework in Frameworks */,
				74CE33EC189BE115000E8CC8 /* UIKit.framework in Frameworks */,
				74CE33E8189BE115000E8CC8 /* Foundation.framework in Frameworks */,
			);
			runOnlyForDeploymentPostprocessing = 0;
		};
		74CE3402189BE115000E8CC8 /* Frameworks */ = {
			isa = PBXFrameworksBuildPhase;
			buildActionMask = 2147483647;
			files = (
				74CE3407189BE115000E8CC8 /* XCTest.framework in Frameworks */,
				74CE3409189BE115000E8CC8 /* UIKit.framework in Frameworks */,
				74CE3408189BE115000E8CC8 /* Foundation.framework in Frameworks */,
			);
			runOnlyForDeploymentPostprocessing = 0;
		};
/* End PBXFrameworksBuildPhase section */

/* Begin PBXGroup section */
		74CE33DB189BE115000E8CC8 = {
			isa = PBXGroup;
			children = (
				74CE33ED189BE115000E8CC8 /* GitDemoApp */,
				74CE340C189BE115000E8CC8 /* GitDemoAppTests */,
				74CE33E6189BE115000E8CC8 /* Frameworks */,
				74CE33E5189BE115000E8CC8 /* Products */,
			);
			sourceTree = "<group>";
		};
		74CE33E5189BE115000E8CC8 /* Products */ = {
			isa = PBXGroup;
			children = (
				74CE33E4189BE115000E8CC8 /* GitDemoApp.app */,
				74CE3405189BE115000E8CC8 /* GitDemoAppTests.xctest */,
			);
			name = Products;
			sourceTree = "<group>";
		};
		74CE33E6189BE115000E8CC8 /* Frameworks */ = {
			isa = PBXGroup;
			children = (
				74CE33E7189BE115000E8CC8 /* Foundation.framework */,
				74CE33E9189BE115000E8CC8 /* CoreGraphics.framework */,
				74CE33EB189BE115000E8CC8 /* UIKit.framework */,
				74CE3406189BE115000E8CC8 /* XCTest.framework */,
			);
			name = Frameworks;
			sourceTree = "<group>";
		};
		74CE33ED189BE115000E8CC8 /* GitDemoApp */ = {
			isa = PBXGroup;
			children = (
				74CE33F6189BE115000E8CC8 /* AppDelegate.h */,
				74CE33F7189BE115000E8CC8 /* AppDelegate.m */,
				74CE33F9189BE115000E8CC8 /* Main.storyboard */,
				74CE33FC189BE115000E8CC8 /* ViewController.h */,
				74CE33FD189BE115000E8CC8 /* ViewController.m */,
				74CE33FF189BE115000E8CC8 /* Images.xcassets */,
				74CE33EE189BE115000E8CC8 /* Supporting Files */,
			);
			path = GitDemoApp;
			sourceTree = "<group>";
		};
		74CE33EE189BE115000E8CC8 /* Supporting Files */ = {
			isa = PBXGroup;
			children = (
				74CE33EF189BE115000E8CC8 /* GitDemoApp-Info.plist */,
				74CE33F0189BE115000E8CC8 /* InfoPlist.strings */,
				74CE33F3189BE115000E8CC8 /* main.m */,
				74CE33F5189BE115000E8CC8 /* GitDemoApp-Prefix.pch */,
			);
			name = "Supporting Files";
			sourceTree = "<group>";
		};
		74CE340C189BE115000E8CC8 /* GitDemoAppTests */ = {
			isa = PBXGroup;
			children = (
				74CE3412189BE115000E8CC8 /* GitDemoAppTests.m */,
				74CE340D189BE115000E8CC8 /* Supporting Files */,
			);
			path = GitDemoAppTests;
			sourceTree = "<group>";
		};
		74CE340D189BE115000E8CC8 /* Supporting Files */ = {
			isa = PBXGroup;
			children = (
				74CE340E189BE115000E8CC8 /* GitDemoAppTests-Info.plist */,
				74CE340F189BE115000E8CC8 /* InfoPlist.strings */,
			);
			name = "Supporting Files";
			sourceTree = "<group>";
		};
/* End PBXGroup section */

/* Begin PBXNativeTarget section */
		74CE33E3189BE115000E8CC8 /* GitDemoApp */ = {
			isa = PBXNativeTarget;
			buildConfigurationList = 74CE3416189BE115000E8CC8 /* Build configuration list for PBXNativeTarget "GitDemoApp" */;
			buildPhases = (
				74CE33E0189BE115000E8CC8 /* Sources */,
				74CE33E1189BE115000E8CC8 /* Frameworks */,
				74CE33E2189BE115000E8CC8 /* Resources */,
			);
			buildRules = (
			);
			dependencies = (
			);
			name = GitDemoApp;
			productName = GitDemoApp;
			productReference = 74CE33E4189BE115000E8CC8 /* GitDemoApp.app */;
			productType = "com.apple.product-type.application";
		};
		74CE3404189BE115000E8CC8 /* GitDemoAppTests */ = {
			isa = PBXNativeTarget;
			buildConfigurationList = 74CE3419189BE115000E8CC8 /* Build configuration list for PBXNativeTarget "GitDemoAppTests" */;
			buildPhases = (
				74CE3401189BE115000E8CC8 /* Sources */,
				74CE3402189BE115000E8CC8 /* Frameworks */,
				74CE3403189BE115000E8CC8 /* Resources */,
			);
			buildRules = (
			);
			dependencies = (
				74CE340B189BE115000E8CC8 /* PBXTargetDependency */,
			);
			name = GitDemoAppTests;
			productName = GitDemoAppTests;
			productReference = 74CE3405189BE115000E8CC8 /* GitDemoAppTests.xctest */;
			productType = "com.apple.product-type.bundle.unit-test";
		};
/* End PBXNativeTarget section */

/* Begin PBXProject section */
		74CE33DC189BE115000E8CC8 /* Project object */ = {
			isa = PBXProject;
			attributes = {
				LastUpgradeCheck = 0500;
				ORGANIZATIONNAME = Globallogic;
				TargetAttributes = {
					74CE3404189BE115000E8CC8 = {
						TestTargetID = 74CE33E3189BE115000E8CC8;
					};
				};
			};
			buildConfigurationList = 74CE33DF189BE115000E8CC8 /* Build configuration list for PBXProject "GitDemoApp" */;
			compatibilityVersion = "Xcode 3.2";
			developmentRegion = English;
			hasScannedForEncodings = 0;
			knownRegions = (
				en,
				Base,
			);
			mainGroup = 74CE33DB189BE115000E8CC8;
			productRefGroup = 74CE33E5189BE115000E8CC8 /* Products */;
			projectDirPath = "";
			projectRoot = "";
			targets = (
				74CE33E3189BE115000E8CC8 /* GitDemoApp */,
				74CE3404189BE115000E8CC8 /* GitDemoAppTests */,
			);
		};
/* End PBXProject section */

/* Begin PBXResourcesBuildPhase section */
		74CE33E2189BE115000E8CC8 /* Resources */ = {
			isa = PBXResourcesBuildPhase;
			buildActionMask = 2147483647;
			files = (
				74CE3400189BE115000E8CC8 /* Images.xcassets in Resources */,
				74CE33F2189BE115000E8CC8 /* InfoPlist.strings in Resources */,
				74CE33FB189BE115000E8CC8 /* Main.storyboard in Resources */,
			);
			runOnlyForDeploymentPostprocessing = 0;
		};
		74CE3403189BE115000E8CC8 /* Resources */ = {
			isa = PBXResourcesBuildPhase;
			buildActionMask = 2147483647;
			files = (
				74CE3411189BE115000E8CC8 /* InfoPlist.strings in Resources */,
			);
			runOnlyForDeploymentPostprocessing = 0;
		};
/* End PBXResourcesBuildPhase section */

/* Begin PBXSourcesBuildPhase section */
		74CE33E0189BE115000E8CC8 /* Sources */ = {
			isa = PBXSourcesBuildPhase;
			buildActionMask = 2147483647;
			files = (
				74CE33FE189BE115000E8CC8 /* ViewController.m in Sources */,
				74CE33F8189BE115000E8CC8 /* AppDelegate.m in Sources */,
				74CE33F4189BE115000E8CC8 /* main.m in Sources */,
			);
			runOnlyForDeploymentPostprocessing = 0;
		};
		74CE3401189BE115000E8CC8 /* Sources */ = {
			isa = PBXSourcesBuildPhase;
			buildActionMask = 2147483647;
			files = (
				74CE3413189BE115000E8CC8 /* GitDemoAppTests.m in Sources */,
			);
			runOnlyForDeploymentPostprocessing = 0;
		};
/* End PBXSourcesBuildPhase section */

/* Begin PBXTargetDependency section */
		74CE340B189BE115000E8CC8 /* PBXTargetDependency */ = {
			isa = PBXTargetDependency;
			target = 74CE33E3189BE115000E8CC8 /* GitDemoApp */;
			targetProxy = 74CE340A189BE115000E8CC8 /* PBXContainerItemProxy */;
		};
/* End PBXTargetDependency section */

/* Begin PBXVariantGroup section */
		74CE33F0189BE115000E8CC8 /* InfoPlist.strings */ = {
			isa = PBXVariantGroup;
			children = (
				74CE33F1189BE115000E8CC8 /* en */,
			);
			name = InfoPlist.strings;
			sourceTree = "<group>";
		};
		74CE33F9189BE115000E8CC8 /* Main.storyboard */ = {
			isa = PBXVariantGroup;
			children = (
				74CE33FA189BE115000E8CC8 /* Base */,
			);
			name = Main.storyboard;
			sourceTree = "<group>";
		};
		74CE340F189BE115000E8CC8 /* InfoPlist.strings */ = {
			isa = PBXVariantGroup;
			children = (
				74CE3410189BE115000E8CC8 /* en */,
			);
			name = InfoPlist.strings;
			sourceTree = "<group>";
		};
/* End PBXVariantGroup section */

/* Begin XCBuildConfiguration section */
		74CE3414189BE115000E8CC8 /* Debug */ = {
			isa = XCBuildConfiguration;
			buildSettings = {
				ALWAYS_SEARCH_USER_PATHS = NO;
				ARCHS = "$(ARCHS_STANDARD_INCLUDING_64_BIT)";
				CLANG_CXX_LANGUAGE_STANDARD = "gnu++0x";
				CLANG_CXX_LIBRARY = "libc++";
				CLANG_ENABLE_MODULES = YES;
				CLANG_ENABLE_OBJC_ARC = YES;
				CLANG_WARN_BOOL_CONVERSION = YES;
				CLANG_WARN_CONSTANT_CONVERSION = YES;
				CLANG_WARN_DIRECT_OBJC_ISA_USAGE = YES_ERROR;
				CLANG_WARN_EMPTY_BODY = YES;
				CLANG_WARN_ENUM_CONVERSION = YES;
				CLANG_WARN_INT_CONVERSION = YES;
				CLANG_WARN_OBJC_ROOT_CLASS = YES_ERROR;
				CLANG_WARN__DUPLICATE_METHOD_MATCH = YES;
				"CODE_SIGN_IDENTITY[sdk=iphoneos*]" = "iPhone Developer";
				COPY_PHASE_STRIP = NO;
				GCC_C_LANGUAGE_STANDARD = gnu99;
				GCC_DYNAMIC_NO_PIC = NO;
				GCC_OPTIMIZATION_LEVEL = 0;
				GCC_PREPROCESSOR_DEFINITIONS = (
					"DEBUG=1",
					"$(inherited)",
				);
				GCC_SYMBOLS_PRIVATE_EXTERN = NO;
				GCC_WARN_64_TO_32_BIT_CONVERSION = YES;
				GCC_WARN_ABOUT_RETURN_TYPE = YES_ERROR;
				GCC_WARN_UNDECLARED_SELECTOR = YES;
				GCC_WARN_UNINITIALIZED_AUTOS = YES;
				GCC_WARN_UNUSED_FUNCTION = YES;
				GCC_WARN_UNUSED_VARIABLE = YES;
				IPHONEOS_DEPLOYMENT_TARGET = 7.0;
				ONLY_ACTIVE_ARCH = YES;
				SDKROOT = iphoneos;
			};
			name = Debug;
		};
		74CE3415189BE115000E8CC8 /* Release */ = {
			isa = XCBuildConfiguration;
			buildSettings = {
				ALWAYS_SEARCH_USER_PATHS = NO;
				ARCHS = "$(ARCHS_STANDARD_INCLUDING_64_BIT)";
				CLANG_CXX_LANGUAGE_STANDARD = "gnu++0x";
				CLANG_CXX_LIBRARY = "libc++";
				CLANG_ENABLE_MODULES = YES;
				CLANG_ENABLE_OBJC_ARC = YES;
				CLANG_WARN_BOOL_CONVERSION = YES;
				CLANG_WARN_CONSTANT_CONVERSION = YES;
				CLANG_WARN_DIRECT_OBJC_ISA_USAGE = YES_ERROR;
				CLANG_WARN_EMPTY_BODY = YES;
				CLANG_WARN_ENUM_CONVERSION = YES;
				CLANG_WARN_INT_CONVERSION = YES;
				CLANG_WARN_OBJC_ROOT_CLASS = YES_ERROR;
				CLANG_WARN__DUPLICATE_METHOD_MATCH = YES;
				"CODE_SIGN_IDENTITY[sdk=iphoneos*]" = "iPhone Developer";
				COPY_PHASE_STRIP = YES;
				ENABLE_NS_ASSERTIONS = NO;
				GCC_C_LANGUAGE_STANDARD = gnu99;
				GCC_WARN_64_TO_32_BIT_CONVERSION = YES;
				GCC_WARN_ABOUT_RETURN_TYPE = YES_ERROR;
				GCC_WARN_UNDECLARED_SELECTOR = YES;
				GCC_WARN_UNINITIALIZED_AUTOS = YES;
				GCC_WARN_UNUSED_FUNCTION = YES;
				GCC_WARN_UNUSED_VARIABLE = YES;
				IPHONEOS_DEPLOYMENT_TARGET = 7.0;
				SDKROOT = iphoneos;
				VALIDATE_PRODUCT = YES;
			};
			name = Release;
		};
		74CE3417189BE115000E8CC8 /* Debug */ = {
			isa = XCBuildConfiguration;
			buildSettings = {
				ASSETCATALOG_COMPILER_APPICON_NAME = AppIcon;
				ASSETCATALOG_COMPILER_LAUNCHIMAGE_NAME = LaunchImage;
				GCC_PRECOMPILE_PREFIX_HEADER = YES;
				GCC_PREFIX_HEADER = "GitDemoApp/GitDemoApp-Prefix.pch";
				INFOPLIST_FILE = "GitDemoApp/GitDemoApp-Info.plist";
				PRODUCT_NAME = "$(TARGET_NAME)";
				WRAPPER_EXTENSION = app;
			};
			name = Debug;
		};
		74CE3418189BE115000E8CC8 /* Release */ = {
			isa = XCBuildConfiguration;
			buildSettings = {
				ASSETCATALOG_COMPILER_APPICON_NAME = AppIcon;
				ASSETCATALOG_COMPILER_LAUNCHIMAGE_NAME = LaunchImage;
				GCC_PRECOMPILE_PREFIX_HEADER = YES;
				GCC_PREFIX_HEADER = "GitDemoApp/GitDemoApp-Prefix.pch";
				INFOPLIST_FILE = "GitDemoApp/GitDemoApp-Info.plist";
				PRODUCT_NAME = "$(TARGET_NAME)";
				WRAPPER_EXTENSION = app;
			};
			name = Release;
		};
		74CE341A189BE115000E8CC8 /* Debug */ = {
			isa = XCBuildConfiguration;
			buildSettings = {
				ARCHS = "$(ARCHS_STANDARD_INCLUDING_64_BIT)";
				BUNDLE_LOADER = "$(BUILT_PRODUCTS_DIR)/GitDemoApp.app/GitDemoApp";
				FRAMEWORK_SEARCH_PATHS = (
					"$(SDKROOT)/Developer/Library/Frameworks",
					"$(inherited)",
					"$(DEVELOPER_FRAMEWORKS_DIR)",
				);
				GCC_PRECOMPILE_PREFIX_HEADER = YES;
				GCC_PREFIX_HEADER = "GitDemoApp/GitDemoApp-Prefix.pch";
				GCC_PREPROCESSOR_DEFINITIONS = (
					"DEBUG=1",
					"$(inherited)",
				);
				INFOPLIST_FILE = "GitDemoAppTests/GitDemoAppTests-Info.plist";
				PRODUCT_NAME = "$(TARGET_NAME)";
				TEST_HOST = "$(BUNDLE_LOADER)";
				WRAPPER_EXTENSION = xctest;
			};
			name = Debug;
		};
		74CE341B189BE115000E8CC8 /* Release */ = {
			isa = XCBuildConfiguration;
			buildSettings = {
				ARCHS = "$(ARCHS_STANDARD_INCLUDING_64_BIT)";
				BUNDLE_LOADER = "$(BUILT_PRODUCTS_DIR)/GitDemoApp.app/GitDemoApp";
				FRAMEWORK_SEARCH_PATHS = (
					"$(SDKROOT)/Developer/Library/Frameworks",
					"$(inherited)",
					"$(DEVELOPER_FRAMEWORKS_DIR)",
				);
				GCC_PRECOMPILE_PREFIX_HEADER = YES;
				GCC_PREFIX_HEADER = "GitDemoApp/GitDemoApp-Prefix.pch";
				INFOPLIST_FILE = "GitDemoAppTests/GitDemoAppTests-Info.plist";
				PRODUCT_NAME = "$(TARGET_NAME)";
				TEST_HOST = "$(BUNDLE_LOADER)";
				WRAPPER_EXTENSION = xctest;
			};
			name = Release;
		};
/* End XCBuildConfiguration section */

/* Begin XCConfigurationList section */
		74CE33DF189BE115000E8CC8 /* Build configuration list for PBXProject "GitDemoApp" */ = {
			isa = XCConfigurationList;
			buildConfigurations = (
				74CE3414189BE115000E8CC8 /* Debug */,
				74CE3415189BE115000E8CC8 /* Release */,
			);
			defaultConfigurationIsVisible = 0;
			defaultConfigurationName = Release;
		};
		74CE3416189BE115000E8CC8 /* Build configuration list for PBXNativeTarget "GitDemoApp" */ = {
			isa = XCConfigurationList;
			buildConfigurations = (
				74CE3417189BE115000E8CC8 /* Debug */,
				74CE3418189BE115000E8CC8 /* Release */,
			);
			defaultConfigurationIsVisible = 0;
		};
		74CE3419189BE115000E8CC8 /* Build configuration list for PBXNativeTarget "GitDemoAppTests" */ = {
			isa = XCConfigurationList;
			buildConfigurations = (
				74CE341A189BE115000E8CC8 /* Debug */,
				74CE341B189BE115000E8CC8 /* Release */,
			);
			defaultConfigurationIsVisible = 0;
		};
/* End XCConfigurationList section */
	};
	rootObject = 74CE33DC189BE115000E8CC8 /* Project object */;
}
